// !$*UTF8*$!
{
	archiveVersion = 1;
	classes = {
	};
	objectVersion = 46;
	objects = {

/* Begin PBXBuildFile section */
		D4FF2D941EE192CB005C6B28 /* AppDelegate.swift in Sources */ = {isa = PBXBuildFile; fileRef = D4FF2D931EE192CB005C6B28 /* AppDelegate.swift */; };
		D4FF2D961EE192CB005C6B28 /* ViewController.swift in Sources */ = {isa = PBXBuildFile; fileRef = D4FF2D951EE192CB005C6B28 /* ViewController.swift */; };
		D4FF2D991EE192CB005C6B28 /* Main.storyboard in Resources */ = {isa = PBXBuildFile; fileRef = D4FF2D971EE192CB005C6B28 /* Main.storyboard */; };
		D4FF2D9B1EE192CB005C6B28 /* Assets.xcassets in Resources */ = {isa = PBXBuildFile; fileRef = D4FF2D9A1EE192CB005C6B28 /* Assets.xcassets */; };
		D4FF2D9E1EE192CB005C6B28 /* LaunchScreen.storyboard in Resources */ = {isa = PBXBuildFile; fileRef = D4FF2D9C1EE192CB005C6B28 /* LaunchScreen.storyboard */; };
		D4FF2DAC1EE19BD1005C6B28 /* DebugOverlay.swift in Sources */ = {isa = PBXBuildFile; fileRef = D4FF2DAB1EE19BD1005C6B28 /* DebugOverlay.swift */; };
/* End PBXBuildFile section */

/* Begin PBXFileReference section */
		D4FF2D901EE192CB005C6B28 /* DebugInformation.app */ = {isa = PBXFileReference; explicitFileType = wrapper.application; includeInIndex = 0; path = DebugInformation.app; sourceTree = BUILT_PRODUCTS_DIR; };
		D4FF2D931EE192CB005C6B28 /* AppDelegate.swift */ = {isa = PBXFileReference; lastKnownFileType = sourcecode.swift; path = AppDelegate.swift; sourceTree = "<group>"; };
		D4FF2D951EE192CB005C6B28 /* ViewController.swift */ = {isa = PBXFileReference; lastKnownFileType = sourcecode.swift; path = ViewController.swift; sourceTree = "<group>"; };
		D4FF2D981EE192CB005C6B28 /* Base */ = {isa = PBXFileReference; lastKnownFileType = file.storyboard; name = Base; path = Base.lproj/Main.storyboard; sourceTree = "<group>"; };
		D4FF2D9A1EE192CB005C6B28 /* Assets.xcassets */ = {isa = PBXFileReference; lastKnownFileType = folder.assetcatalog; path = Assets.xcassets; sourceTree = "<group>"; };
		D4FF2D9D1EE192CB005C6B28 /* Base */ = {isa = PBXFileReference; lastKnownFileType = file.storyboard; name = Base; path = Base.lproj/LaunchScreen.storyboard; sourceTree = "<group>"; };
		D4FF2D9F1EE192CB005C6B28 /* Info.plist */ = {isa = PBXFileReference; lastKnownFileType = text.plist.xml; path = Info.plist; sourceTree = "<group>"; };
		D4FF2DAB1EE19BD1005C6B28 /* DebugOverlay.swift */ = {isa = PBXFileReference; fileEncoding = 4; lastKnownFileType = sourcecode.swift; path = DebugOverlay.swift; sourceTree = "<group>"; };
/* End PBXFileReference section */

/* Begin PBXFrameworksBuildPhase section */
		D4FF2D8D1EE192CB005C6B28 /* Frameworks */ = {
			isa = PBXFrameworksBuildPhase;
			buildActionMask = 2147483647;
			files = (
			);
			runOnlyForDeploymentPostprocessing = 0;
		};
/* End PBXFrameworksBuildPhase section */

/* Begin PBXGroup section */
		D4FF2D871EE192CB005C6B28 = {
			isa = PBXGroup;
			children = (
				D4FF2D921EE192CB005C6B28 /* DebugInformation */,
				D4FF2DAA1EE19BD1005C6B28 /* DebugOverlay */,
				D4FF2D911EE192CB005C6B28 /* Products */,
			);
			sourceTree = "<group>";
		};
		D4FF2D911EE192CB005C6B28 /* Products */ = {
			isa = PBXGroup;
			children = (
				D4FF2D901EE192CB005C6B28 /* DebugInformation.app */,
			);
			name = Products;
			sourceTree = "<group>";
		};
		D4FF2D921EE192CB005C6B28 /* DebugInformation */ = {
			isa = PBXGroup;
			children = (
				D4FF2D931EE192CB005C6B28 /* AppDelegate.swift */,
				D4FF2D951EE192CB005C6B28 /* ViewController.swift */,
				D4FF2D971EE192CB005C6B28 /* Main.storyboard */,
				D4FF2D9A1EE192CB005C6B28 /* Assets.xcassets */,
				D4FF2D9C1EE192CB005C6B28 /* LaunchScreen.storyboard */,
				D4FF2D9F1EE192CB005C6B28 /* Info.plist */,
			);
			path = DebugInformation;
			sourceTree = "<group>";
		};
		D4FF2DAA1EE19BD1005C6B28 /* DebugOverlay */ = {
			isa = PBXGroup;
			children = (
				D4FF2DAB1EE19BD1005C6B28 /* DebugOverlay.swift */,
			);
			path = DebugOverlay;
			sourceTree = "<group>";
		};
/* End PBXGroup section */

/* Begin PBXNativeTarget section */
		D4FF2D8F1EE192CB005C6B28 /* DebugInformation */ = {
			isa = PBXNativeTarget;
			buildConfigurationList = D4FF2DA21EE192CB005C6B28 /* Build configuration list for PBXNativeTarget "DebugInformation" */;
			buildPhases = (
				D4FF2D8C1EE192CB005C6B28 /* Sources */,
				D4FF2D8D1EE192CB005C6B28 /* Frameworks */,
				D4FF2D8E1EE192CB005C6B28 /* Resources */,
			);
			buildRules = (
			);
			dependencies = (
			);
			name = DebugInformation;
			productName = DebugInformation;
			productReference = D4FF2D901EE192CB005C6B28 /* DebugInformation.app */;
			productType = "com.apple.product-type.application";
		};
/* End PBXNativeTarget section */

/* Begin PBXProject section */
		D4FF2D881EE192CB005C6B28 /* Project object */ = {
			isa = PBXProject;
			attributes = {
				LastSwiftUpdateCheck = 0830;
				LastUpgradeCheck = 0830;
				ORGANIZATIONNAME = Handsome;
				TargetAttributes = {
					D4FF2D8F1EE192CB005C6B28 = {
						CreatedOnToolsVersion = 8.3.2;
						DevelopmentTeam = DKL832G2AS;
						ProvisioningStyle = Automatic;
					};
				};
			};
			buildConfigurationList = D4FF2D8B1EE192CB005C6B28 /* Build configuration list for PBXProject "DebugInformation" */;
			compatibilityVersion = "Xcode 3.2";
			developmentRegion = English;
			hasScannedForEncodings = 0;
			knownRegions = (
				en,
				Base,
			);
			mainGroup = D4FF2D871EE192CB005C6B28;
			productRefGroup = D4FF2D911EE192CB005C6B28 /* Products */;
			projectDirPath = "";
			projectRoot = "";
			targets = (
				D4FF2D8F1EE192CB005C6B28 /* DebugInformation */,
			);
		};
/* End PBXProject section */

/* Begin PBXResourcesBuildPhase section */
		D4FF2D8E1EE192CB005C6B28 /* Resources */ = {
			isa = PBXResourcesBuildPhase;
			buildActionMask = 2147483647;
			files = (
				D4FF2D9E1EE192CB005C6B28 /* LaunchScreen.storyboard in Resources */,
				D4FF2D9B1EE192CB005C6B28 /* Assets.xcassets in Resources */,
				D4FF2D991EE192CB005C6B28 /* Main.storyboard in Resources */,
			);
			runOnlyForDeploymentPostprocessing = 0;
		};
/* End PBXResourcesBuildPhase section */

/* Begin PBXSourcesBuildPhase section */
		D4FF2D8C1EE192CB005C6B28 /* Sources */ = {
			isa = PBXSourcesBuildPhase;
			buildActionMask = 2147483647;
			files = (
				D4FF2DAC1EE19BD1005C6B28 /* DebugOverlay.swift in Sources */,
				D4FF2D961EE192CB005C6B28 /* ViewController.swift in Sources */,
				D4FF2D941EE192CB005C6B28 /* AppDelegate.swift in Sources */,
			);
			runOnlyForDeploymentPostprocessing = 0;
		};
/* End PBXSourcesBuildPhase section */

/* Begin PBXVariantGroup section */
		D4FF2D971EE192CB005C6B28 /* Main.storyboard */ = {
			isa = PBXVariantGroup;
			children = (
				D4FF2D981EE192CB005C6B28 /* Base */,
			);
			name = Main.storyboard;
			sourceTree = "<group>";
		};
		D4FF2D9C1EE192CB005C6B28 /* LaunchScreen.storyboard */ = {
			isa = PBXVariantGroup;
			children = (
				D4FF2D9D1EE192CB005C6B28 /* Base */,
			);
			name = LaunchScreen.storyboard;
			sourceTree = "<group>";
		};
/* End PBXVariantGroup section */

/* Begin XCBuildConfiguration section */
		D4FF2DA01EE192CB005C6B28 /* Debug */ = {
			isa = XCBuildConfiguration;
			buildSettings = {
				ALWAYS_SEARCH_USER_PATHS = NO;
				CLANG_ANALYZER_NONNULL = YES;
				CLANG_ANALYZER_NUMBER_OBJECT_CONVERSION = YES_AGGRESSIVE;
				CLANG_CXX_LANGUAGE_STANDARD = "gnu++0x";
				CLANG_CXX_LIBRARY = "libc++";
				CLANG_ENABLE_MODULES = YES;
				CLANG_ENABLE_OBJC_ARC = YES;
				CLANG_WARN_BOOL_CONVERSION = YES;
				CLANG_WARN_CONSTANT_CONVERSION = YES;
				CLANG_WARN_DIRECT_OBJC_ISA_USAGE = YES_ERROR;
				CLANG_WARN_DOCUMENTATION_COMMENTS = YES;
				CLANG_WARN_EMPTY_BODY = YES;
				CLANG_WARN_ENUM_CONVERSION = YES;
				CLANG_WARN_INFINITE_RECURSION = YES;
				CLANG_WARN_INT_CONVERSION = YES;
				CLANG_WARN_OBJC_ROOT_CLASS = YES_ERROR;
				CLANG_WARN_SUSPICIOUS_MOVE = YES;
				CLANG_WARN_UNREACHABLE_CODE = YES;
				CLANG_WARN__DUPLICATE_METHOD_MATCH = YES;
				"CODE_SIGN_IDENTITY[sdk=iphoneos*]" = "iPhone Developer";
				COPY_PHASE_STRIP = NO;
				DEBUG_INFORMATION_FORMAT = dwarf;
				ENABLE_STRICT_OBJC_MSGSEND = YES;
				ENABLE_TESTABILITY = YES;
				GCC_C_LANGUAGE_STANDARD = gnu99;
				GCC_DYNAMIC_NO_PIC = NO;
				GCC_NO_COMMON_BLOCKS = YES;
				GCC_OPTIMIZATION_LEVEL = 0;
				GCC_PREPROCESSOR_DEFINITIONS = (
					"DEBUG=1",
					"$(inherited)",
				);
				GCC_WARN_64_TO_32_BIT_CONVERSION = YES;
				GCC_WARN_ABOUT_RETURN_TYPE = YES_ERROR;
				GCC_WARN_UNDECLARED_SELECTOR = YES;
				GCC_WARN_UNINITIALIZED_AUTOS = YES_AGGRESSIVE;
				GCC_WARN_UNUSED_FUNCTION = YES;
				GCC_WARN_UNUSED_VARIABLE = YES;
				IPHONEOS_DEPLOYMENT_TARGET = 10.3;
				MTL_ENABLE_DEBUG_INFO = YES;
				ONLY_ACTIVE_ARCH = YES;
				SDKROOT = iphoneos;
				SWIFT_ACTIVE_COMPILATION_CONDITIONS = DEBUG;
				SWIFT_OPTIMIZATION_LEVEL = "-Onone";
				TARGETED_DEVICE_FAMILY = "1,2";
			};
			name = Debug;
		};
		D4FF2DA11EE192CB005C6B28 /* Release */ = {
			isa = XCBuildConfiguration;
			buildSettings = {
				ALWAYS_SEARCH_USER_PATHS = NO;
				CLANG_ANALYZER_NONNULL = YES;
				CLANG_ANALYZER_NUMBER_OBJECT_CONVERSION = YES_AGGRESSIVE;
				CLANG_CXX_LANGUAGE_STANDARD = "gnu++0x";
				CLANG_CXX_LIBRARY = "libc++";
				CLANG_ENABLE_MODULES = YES;
				CLANG_ENABLE_OBJC_ARC = YES;
				CLANG_WARN_BOOL_CONVERSION = YES;
				CLANG_WARN_CONSTANT_CONVERSION = YES;
				CLANG_WARN_DIRECT_OBJC_ISA_USAGE = YES_ERROR;
				CLANG_WARN_DOCUMENTATION_COMMENTS = YES;
				CLANG_WARN_EMPTY_BODY = YES;
				CLANG_WARN_ENUM_CONVERSION = YES;
				CLANG_WARN_INFINITE_RECURSION = YES;
				CLANG_WARN_INT_CONVERSION = YES;
				CLANG_WARN_OBJC_ROOT_CLASS = YES_ERROR;
				CLANG_WARN_SUSPICIOUS_MOVE = YES;
				CLANG_WARN_UNREACHABLE_CODE = YES;
				CLANG_WARN__DUPLICATE_METHOD_MATCH = YES;
				"CODE_SIGN_IDENTITY[sdk=iphoneos*]" = "iPhone Developer";
				COPY_PHASE_STRIP = NO;
				DEBUG_INFORMATION_FORMAT = "dwarf-with-dsym";
				ENABLE_NS_ASSERTIONS = NO;
				ENABLE_STRICT_OBJC_MSGSEND = YES;
				GCC_C_LANGUAGE_STANDARD = gnu99;
				GCC_NO_COMMON_BLOCKS = YES;
				GCC_WARN_64_TO_32_BIT_CONVERSION = YES;
				GCC_WARN_ABOUT_RETURN_TYPE = YES_ERROR;
				GCC_WARN_UNDECLARED_SELECTOR = YES;
				GCC_WARN_UNINITIALIZED_AUTOS = YES_AGGRESSIVE;
				GCC_WARN_UNUSED_FUNCTION = YES;
				GCC_WARN_UNUSED_VARIABLE = YES;
				IPHONEOS_DEPLOYMENT_TARGET = 10.3;
				MTL_ENABLE_DEBUG_INFO = NO;
				SDKROOT = iphoneos;
				SWIFT_OPTIMIZATION_LEVEL = "-Owholemodule";
				TARGETED_DEVICE_FAMILY = "1,2";
				VALIDATE_PRODUCT = YES;
			};
			name = Release;
		};
		D4FF2DA31EE192CB005C6B28 /* Debug */ = {
			isa = XCBuildConfiguration;
			buildSettings = {
				ASSETCATALOG_COMPILER_APPICON_NAME = AppIcon;
				DEVELOPMENT_TEAM = DKL832G2AS;
				INFOPLIST_FILE = DebugInformation/Info.plist;
				IPHONEOS_DEPLOYMENT_TARGET = 10.0;
				LD_RUNPATH_SEARCH_PATHS = "$(inherited) @executable_path/Frameworks";
				PRODUCT_BUNDLE_IDENTIFIER = com.tinyzepplin.DebugInformation;
				PRODUCT_NAME = "$(TARGET_NAME)";
				SWIFT_VERSION = 3.0;
			};
			name = Debug;
		};
		D4FF2DA41EE192CB005C6B28 /* Release */ = {
			isa = XCBuildConfiguration;
			buildSettings = {
				ASSETCATALOG_COMPILER_APPICON_NAME = AppIcon;
				DEVELOPMENT_TEAM = DKL832G2AS;
				INFOPLIST_FILE = DebugInformation/Info.plist;
				IPHONEOS_DEPLOYMENT_TARGET = 10.0;
				LD_RUNPATH_SEARCH_PATHS = "$(inherited) @executable_path/Frameworks";
				PRODUCT_BUNDLE_IDENTIFIER = com.tinyzepplin.DebugInformation;
				PRODUCT_NAME = "$(TARGET_NAME)";
				SWIFT_VERSION = 3.0;
			};
			name = Release;
		};
/* End XCBuildConfiguration section */

/* Begin XCConfigurationList section */
		D4FF2D8B1EE192CB005C6B28 /* Build configuration list for PBXProject "DebugInformation" */ = {
			isa = XCConfigurationList;
			buildConfigurations = (
				D4FF2DA01EE192CB005C6B28 /* Debug */,
				D4FF2DA11EE192CB005C6B28 /* Release */,
			);
			defaultConfigurationIsVisible = 0;
			defaultConfigurationName = Release;
		};
		D4FF2DA21EE192CB005C6B28 /* Build configuration list for PBXNativeTarget "DebugInformation" */ = {
			isa = XCConfigurationList;
			buildConfigurations = (
				D4FF2DA31EE192CB005C6B28 /* Debug */,
				D4FF2DA41EE192CB005C6B28 /* Release */,
			);
			defaultConfigurationIsVisible = 0;
			defaultConfigurationName = Release;
		};
/* End XCConfigurationList section */
	};
	rootObject = D4FF2D881EE192CB005C6B28 /* Project object */;
}
